Microsoft Visual Studio Solution File, Format Version 12.00
# Visual Studio Version 16
VisualStudioVersion = 16.0.29418.71
MinimumVisualStudioVersion = 10.0.40219.1
Project("{FAE04EC0-301F-11D3-BF4B-00C04F79EFBC}") = "MoreFilters", "MoreFilters.csproj", "{DEE9C216-BB81-46FE-8B59-1FF1C0BBBBB9}"
EndProject
Global
	GlobalSection(SolutionConfigurationPlatforms) = preSolution
		Release|Any CPU = Release|Any CPU
	EndGlobalSection
	GlobalSection(ProjectConfigurationPlatforms) = postSolution
		{DEE9C216-BB81-46FE-8B59-1FF1C0BBBBB9}.Release|Any CPU.ActiveCfg = Release|Any CPU
		{DEE9C216-BB81-46FE-8B59-1FF1C0BBBBB9}.Release|Any CPU.Build.0 = Release|Any CPU
	EndGlobalSection
	GlobalSection(SolutionProperties) = preSolution
		HideSolutionNode = FALSE
	EndGlobalSection
	GlobalSection(ExtensibilityGlobals) = postSolution
		SolutionGuid = {AFCBE581-25ED-4422-AD6F-98C6C3A0CA8A}
	EndGlobalSection
EndGlobal
